
Microsoft Visual Studio Solution File, Format Version 12.00
# Visual Studio Version 16
VisualStudioVersion = 16.0.30804.86
MinimumVisualStudioVersion = 10.0.40219.1
Project("{FAE04EC0-301F-11D3-BF4B-00C04F79EFBC}") = "Mummies", "Mummies\Mummies.csproj", "{7E510AE3-5873-4FB0-A027-457BF8A9415B}"
EndProject
Global
	GlobalSection(SolutionConfigurationPlatforms) = preSolution
		Debug|Any CPU = Debug|Any CPU
		Release|Any CPU = Release|Any CPU
	EndGlobalSection
	GlobalSection(ProjectConfigurationPlatforms) = postSolution
		{7E510AE3-5873-4FB0-A027-457BF8A9415B}.Debug|Any CPU.ActiveCfg = Debug|Any CPU
		{7E510AE3-5873-4FB0-A027-457BF8A9415B}.Debug|Any CPU.Build.0 = Debug|Any CPU
		{7E510AE3-5873-4FB0-A027-457BF8A9415B}.Release|Any CPU.ActiveCfg = Release|Any CPU
		{7E510AE3-5873-4FB0-A027-457BF8A9415B}.Release|Any CPU.Build.0 = Release|Any CPU
	EndGlobalSection
	GlobalSection(SolutionProperties) = preSolution
		HideSolutionNode = FALSE
	EndGlobalSection
	GlobalSection(ExtensibilityGlobals) = postSolution
		SolutionGuid = {BBE6F0BC-CECE-4696-978F-39CEC4CC72D9}
	EndGlobalSection
EndGlobal
